// !$*UTF8*$!
{
	archiveVersion = 1;
	classes = {
	};
	objectVersion = 56;
	objects = {

/* Begin PBXBuildFile section */
		3FC5CB072C9D2B20002E4E81 /* WeatherApp.swift in Sources */ = {isa = PBXBuildFile; fileRef = 3FC5CB062C9D2B20002E4E81 /* WeatherApp.swift */; };
		3FC5CB092C9D2B20002E4E81 /* ContentView.swift in Sources */ = {isa = PBXBuildFile; fileRef = 3FC5CB082C9D2B20002E4E81 /* ContentView.swift */; };
		3FC5CB0B2C9D2B27002E4E81 /* Assets.xcassets in Resources */ = {isa = PBXBuildFile; fileRef = 3FC5CB0A2C9D2B27002E4E81 /* Assets.xcassets */; };
		3FC5CB0E2C9D2B27002E4E81 /* Preview Assets.xcassets in Resources */ = {isa = PBXBuildFile; fileRef = 3FC5CB0D2C9D2B27002E4E81 /* Preview Assets.xcassets */; };
		3FC5CB182C9D2B28002E4E81 /* WeatherTests.swift in Sources */ = {isa = PBXBuildFile; fileRef = 3FC5CB172C9D2B28002E4E81 /* WeatherTests.swift */; };
		3FC5CB222C9D2B28002E4E81 /* WeatherUITests.swift in Sources */ = {isa = PBXBuildFile; fileRef = 3FC5CB212C9D2B28002E4E81 /* WeatherUITests.swift */; };
		3FC5CB242C9D2B28002E4E81 /* WeatherUITestsLaunchTests.swift in Sources */ = {isa = PBXBuildFile; fileRef = 3FC5CB232C9D2B28002E4E81 /* WeatherUITestsLaunchTests.swift */; };
		3FC5CB352C9D2C0C002E4E81 /* WeatherViewModel.swift in Sources */ = {isa = PBXBuildFile; fileRef = 3FC5CB342C9D2C0C002E4E81 /* WeatherViewModel.swift */; };
		3FC5CB372C9D2C23002E4E81 /* WeatherModel.swift in Sources */ = {isa = PBXBuildFile; fileRef = 3FC5CB362C9D2C23002E4E81 /* WeatherModel.swift */; };
		3FC5CB392C9D2C3A002E4E81 /* NetworkManager.swift in Sources */ = {isa = PBXBuildFile; fileRef = 3FC5CB382C9D2C3A002E4E81 /* NetworkManager.swift */; };
		3FC5CB3B2C9D38A4002E4E81 /* LocationManager.swift in Sources */ = {isa = PBXBuildFile; fileRef = 3FC5CB3A2C9D38A4002E4E81 /* LocationManager.swift */; };
		3FC5CB3E2C9D7476002E4E81 /* Localizable.strings in Resources */ = {isa = PBXBuildFile; fileRef = 3FC5CB3C2C9D7475002E4E81 /* Localizable.strings */; };
/* End PBXBuildFile section */

/* Begin PBXContainerItemProxy section */
		3FC5CB142C9D2B28002E4E81 /* PBXContainerItemProxy */ = {
			isa = PBXContainerItemProxy;
			containerPortal = 3FC5CAFB2C9D2B20002E4E81 /* Project object */;
			proxyType = 1;
			remoteGlobalIDString = 3FC5CB022C9D2B20002E4E81;
			remoteInfo = Weather;
		};
		3FC5CB1E2C9D2B28002E4E81 /* PBXContainerItemProxy */ = {
			isa = PBXContainerItemProxy;
			containerPortal = 3FC5CAFB2C9D2B20002E4E81 /* Project object */;
			proxyType = 1;
			remoteGlobalIDString = 3FC5CB022C9D2B20002E4E81;
			remoteInfo = Weather;
		};
/* End PBXContainerItemProxy section */

/* Begin PBXFileReference section */
		3FC5CB032C9D2B20002E4E81 /* Weather.app */ = {isa = PBXFileReference; explicitFileType = wrapper.application; includeInIndex = 0; path = Weather.app; sourceTree = BUILT_PRODUCTS_DIR; };
		3FC5CB062C9D2B20002E4E81 /* WeatherApp.swift */ = {isa = PBXFileReference; lastKnownFileType = sourcecode.swift; path = WeatherApp.swift; sourceTree = "<group>"; };
		3FC5CB082C9D2B20002E4E81 /* ContentView.swift */ = {isa = PBXFileReference; lastKnownFileType = sourcecode.swift; path = ContentView.swift; sourceTree = "<group>"; };
		3FC5CB0A2C9D2B27002E4E81 /* Assets.xcassets */ = {isa = PBXFileReference; lastKnownFileType = folder.assetcatalog; path = Assets.xcassets; sourceTree = "<group>"; };
		3FC5CB0D2C9D2B27002E4E81 /* Preview Assets.xcassets */ = {isa = PBXFileReference; lastKnownFileType = folder.assetcatalog; path = "Preview Assets.xcassets"; sourceTree = "<group>"; };
		3FC5CB132C9D2B28002E4E81 /* WeatherTests.xctest */ = {isa = PBXFileReference; explicitFileType = wrapper.cfbundle; includeInIndex = 0; path = WeatherTests.xctest; sourceTree = BUILT_PRODUCTS_DIR; };
		3FC5CB172C9D2B28002E4E81 /* WeatherTests.swift */ = {isa = PBXFileReference; lastKnownFileType = sourcecode.swift; path = WeatherTests.swift; sourceTree = "<group>"; };
		3FC5CB1D2C9D2B28002E4E81 /* WeatherUITests.xctest */ = {isa = PBXFileReference; explicitFileType = wrapper.cfbundle; includeInIndex = 0; path = WeatherUITests.xctest; sourceTree = BUILT_PRODUCTS_DIR; };
		3FC5CB212C9D2B28002E4E81 /* WeatherUITests.swift */ = {isa = PBXFileReference; lastKnownFileType = sourcecode.swift; path = WeatherUITests.swift; sourceTree = "<group>"; };
		3FC5CB232C9D2B28002E4E81 /* WeatherUITestsLaunchTests.swift */ = {isa = PBXFileReference; lastKnownFileType = sourcecode.swift; path = WeatherUITestsLaunchTests.swift; sourceTree = "<group>"; };
		3FC5CB342C9D2C0C002E4E81 /* WeatherViewModel.swift */ = {isa = PBXFileReference; lastKnownFileType = sourcecode.swift; path = WeatherViewModel.swift; sourceTree = "<group>"; };
		3FC5CB362C9D2C23002E4E81 /* WeatherModel.swift */ = {isa = PBXFileReference; lastKnownFileType = sourcecode.swift; path = WeatherModel.swift; sourceTree = "<group>"; };
		3FC5CB382C9D2C3A002E4E81 /* NetworkManager.swift */ = {isa = PBXFileReference; lastKnownFileType = sourcecode.swift; path = NetworkManager.swift; sourceTree = "<group>"; };
		3FC5CB3A2C9D38A4002E4E81 /* LocationManager.swift */ = {isa = PBXFileReference; lastKnownFileType = sourcecode.swift; path = LocationManager.swift; sourceTree = "<group>"; };
		3FC5CB3D2C9D7476002E4E81 /* en */ = {isa = PBXFileReference; lastKnownFileType = text.plist.strings; name = en; path = en.lproj/Localizable.strings; sourceTree = "<group>"; };
/* End PBXFileReference section */

/* Begin PBXFrameworksBuildPhase section */
		3FC5CB002C9D2B20002E4E81 /* Frameworks */ = {
			isa = PBXFrameworksBuildPhase;
			buildActionMask = 2147483647;
			files = (
			);
			runOnlyForDeploymentPostprocessing = 0;
		};
		3FC5CB102C9D2B28002E4E81 /* Frameworks */ = {
			isa = PBXFrameworksBuildPhase;
			buildActionMask = 2147483647;
			files = (
			);
			runOnlyForDeploymentPostprocessing = 0;
		};
		3FC5CB1A2C9D2B28002E4E81 /* Frameworks */ = {
			isa = PBXFrameworksBuildPhase;
			buildActionMask = 2147483647;
			files = (
			);
			runOnlyForDeploymentPostprocessing = 0;
		};
/* End PBXFrameworksBuildPhase section */

/* Begin PBXGroup section */
		3FC5CAFA2C9D2B20002E4E81 = {
			isa = PBXGroup;
			children = (
				3FC5CB052C9D2B20002E4E81 /* Weather */,
				3FC5CB162C9D2B28002E4E81 /* WeatherTests */,
				3FC5CB202C9D2B28002E4E81 /* WeatherUITests */,
				3FC5CB042C9D2B20002E4E81 /* Products */,
			);
			sourceTree = "<group>";
		};
		3FC5CB042C9D2B20002E4E81 /* Products */ = {
			isa = PBXGroup;
			children = (
				3FC5CB032C9D2B20002E4E81 /* Weather.app */,
				3FC5CB132C9D2B28002E4E81 /* WeatherTests.xctest */,
				3FC5CB1D2C9D2B28002E4E81 /* WeatherUITests.xctest */,
			);
			name = Products;
			sourceTree = "<group>";
		};
		3FC5CB052C9D2B20002E4E81 /* Weather */ = {
			isa = PBXGroup;
			children = (
				3FC5CB062C9D2B20002E4E81 /* WeatherApp.swift */,
				3FC5CB082C9D2B20002E4E81 /* ContentView.swift */,
				3FC5CB0A2C9D2B27002E4E81 /* Assets.xcassets */,
				3FC5CB0C2C9D2B27002E4E81 /* Preview Content */,
				3FC5CB342C9D2C0C002E4E81 /* WeatherViewModel.swift */,
				3FC5CB362C9D2C23002E4E81 /* WeatherModel.swift */,
				3FC5CB382C9D2C3A002E4E81 /* NetworkManager.swift */,
				3FC5CB3A2C9D38A4002E4E81 /* LocationManager.swift */,
				3FC5CB3C2C9D7475002E4E81 /* Localizable.strings */,
			);
			path = Weather;
			sourceTree = "<group>";
		};
		3FC5CB0C2C9D2B27002E4E81 /* Preview Content */ = {
			isa = PBXGroup;
			children = (
				3FC5CB0D2C9D2B27002E4E81 /* Preview Assets.xcassets */,
			);
			path = "Preview Content";
			sourceTree = "<group>";
		};
		3FC5CB162C9D2B28002E4E81 /* WeatherTests */ = {
			isa = PBXGroup;
			children = (
				3FC5CB172C9D2B28002E4E81 /* WeatherTests.swift */,
			);
			path = WeatherTests;
			sourceTree = "<group>";
		};
		3FC5CB202C9D2B28002E4E81 /* WeatherUITests */ = {
			isa = PBXGroup;
			children = (
				3FC5CB212C9D2B28002E4E81 /* WeatherUITests.swift */,
				3FC5CB232C9D2B28002E4E81 /* WeatherUITestsLaunchTests.swift */,
			);
			path = WeatherUITests;
			sourceTree = "<group>";
		};
/* End PBXGroup section */

/* Begin PBXNativeTarget section */
		3FC5CB022C9D2B20002E4E81 /* Weather */ = {
			isa = PBXNativeTarget;
			buildConfigurationList = 3FC5CB272C9D2B28002E4E81 /* Build configuration list for PBXNativeTarget "Weather" */;
			buildPhases = (
				3FC5CAFF2C9D2B20002E4E81 /* Sources */,
				3FC5CB002C9D2B20002E4E81 /* Frameworks */,
				3FC5CB012C9D2B20002E4E81 /* Resources */,
			);
			buildRules = (
			);
			dependencies = (
			);
			name = Weather;
			productName = Weather;
			productReference = 3FC5CB032C9D2B20002E4E81 /* Weather.app */;
			productType = "com.apple.product-type.application";
		};
		3FC5CB122C9D2B28002E4E81 /* WeatherTests */ = {
			isa = PBXNativeTarget;
			buildConfigurationList = 3FC5CB2A2C9D2B28002E4E81 /* Build configuration list for PBXNativeTarget "WeatherTests" */;
			buildPhases = (
				3FC5CB0F2C9D2B28002E4E81 /* Sources */,
				3FC5CB102C9D2B28002E4E81 /* Frameworks */,
				3FC5CB112C9D2B28002E4E81 /* Resources */,
			);
			buildRules = (
			);
			dependencies = (
				3FC5CB152C9D2B28002E4E81 /* PBXTargetDependency */,
			);
			name = WeatherTests;
			productName = WeatherTests;
			productReference = 3FC5CB132C9D2B28002E4E81 /* WeatherTests.xctest */;
			productType = "com.apple.product-type.bundle.unit-test";
		};
		3FC5CB1C2C9D2B28002E4E81 /* WeatherUITests */ = {
			isa = PBXNativeTarget;
			buildConfigurationList = 3FC5CB2D2C9D2B28002E4E81 /* Build configuration list for PBXNativeTarget "WeatherUITests" */;
			buildPhases = (
				3FC5CB192C9D2B28002E4E81 /* Sources */,
				3FC5CB1A2C9D2B28002E4E81 /* Frameworks */,
				3FC5CB1B2C9D2B28002E4E81 /* Resources */,
			);
			buildRules = (
			);
			dependencies = (
				3FC5CB1F2C9D2B28002E4E81 /* PBXTargetDependency */,
			);
			name = WeatherUITests;
			productName = WeatherUITests;
			productReference = 3FC5CB1D2C9D2B28002E4E81 /* WeatherUITests.xctest */;
			productType = "com.apple.product-type.bundle.ui-testing";
		};
/* End PBXNativeTarget section */

/* Begin PBXProject section */
		3FC5CAFB2C9D2B20002E4E81 /* Project object */ = {
			isa = PBXProject;
			attributes = {
				BuildIndependentTargetsInParallel = 1;
				LastSwiftUpdateCheck = 1540;
				LastUpgradeCheck = 1540;
				TargetAttributes = {
					3FC5CB022C9D2B20002E4E81 = {
						CreatedOnToolsVersion = 15.4;
					};
					3FC5CB122C9D2B28002E4E81 = {
						CreatedOnToolsVersion = 15.4;
						TestTargetID = 3FC5CB022C9D2B20002E4E81;
					};
					3FC5CB1C2C9D2B28002E4E81 = {
						CreatedOnToolsVersion = 15.4;
						TestTargetID = 3FC5CB022C9D2B20002E4E81;
					};
				};
			};
			buildConfigurationList = 3FC5CAFE2C9D2B20002E4E81 /* Build configuration list for PBXProject "Weather" */;
			compatibilityVersion = "Xcode 14.0";
			developmentRegion = en;
			hasScannedForEncodings = 0;
			knownRegions = (
				en,
				Base,
			);
			mainGroup = 3FC5CAFA2C9D2B20002E4E81;
			productRefGroup = 3FC5CB042C9D2B20002E4E81 /* Products */;
			projectDirPath = "";
			projectRoot = "";
			targets = (
				3FC5CB022C9D2B20002E4E81 /* Weather */,
				3FC5CB122C9D2B28002E4E81 /* WeatherTests */,
				3FC5CB1C2C9D2B28002E4E81 /* WeatherUITests */,
			);
		};
/* End PBXProject section */

/* Begin PBXResourcesBuildPhase section */
		3FC5CB012C9D2B20002E4E81 /* Resources */ = {
			isa = PBXResourcesBuildPhase;
			buildActionMask = 2147483647;
			files = (
				3FC5CB0E2C9D2B27002E4E81 /* Preview Assets.xcassets in Resources */,
				3FC5CB3E2C9D7476002E4E81 /* Localizable.strings in Resources */,
				3FC5CB0B2C9D2B27002E4E81 /* Assets.xcassets in Resources */,
			);
			runOnlyForDeploymentPostprocessing = 0;
		};
		3FC5CB112C9D2B28002E4E81 /* Resources */ = {
			isa = PBXResourcesBuildPhase;
			buildActionMask = 2147483647;
			files = (
			);
			runOnlyForDeploymentPostprocessing = 0;
		};
		3FC5CB1B2C9D2B28002E4E81 /* Resources */ = {
			isa = PBXResourcesBuildPhase;
			buildActionMask = 2147483647;
			files = (
			);
			runOnlyForDeploymentPostprocessing = 0;
		};
/* End PBXResourcesBuildPhase section */

/* Begin PBXSourcesBuildPhase section */
		3FC5CAFF2C9D2B20002E4E81 /* Sources */ = {
			isa = PBXSourcesBuildPhase;
			buildActionMask = 2147483647;
			files = (
				3FC5CB352C9D2C0C002E4E81 /* WeatherViewModel.swift in Sources */,
				3FC5CB092C9D2B20002E4E81 /* ContentView.swift in Sources */,
				3FC5CB392C9D2C3A002E4E81 /* NetworkManager.swift in Sources */,
				3FC5CB3B2C9D38A4002E4E81 /* LocationManager.swift in Sources */,
				3FC5CB072C9D2B20002E4E81 /* WeatherApp.swift in Sources */,
				3FC5CB372C9D2C23002E4E81 /* WeatherModel.swift in Sources */,
			);
			runOnlyForDeploymentPostprocessing = 0;
		};
		3FC5CB0F2C9D2B28002E4E81 /* Sources */ = {
			isa = PBXSourcesBuildPhase;
			buildActionMask = 2147483647;
			files = (
				3FC5CB182C9D2B28002E4E81 /* WeatherTests.swift in Sources */,
			);
			runOnlyForDeploymentPostprocessing = 0;
		};
		3FC5CB192C9D2B28002E4E81 /* Sources */ = {
			isa = PBXSourcesBuildPhase;
			buildActionMask = 2147483647;
			files = (
				3FC5CB222C9D2B28002E4E81 /* WeatherUITests.swift in Sources */,
				3FC5CB242C9D2B28002E4E81 /* WeatherUITestsLaunchTests.swift in Sources */,
			);
			runOnlyForDeploymentPostprocessing = 0;
		};
/* End PBXSourcesBuildPhase section */

/* Begin PBXTargetDependency section */
		3FC5CB152C9D2B28002E4E81 /* PBXTargetDependency */ = {
			isa = PBXTargetDependency;
			target = 3FC5CB022C9D2B20002E4E81 /* Weather */;
			targetProxy = 3FC5CB142C9D2B28002E4E81 /* PBXContainerItemProxy */;
		};
		3FC5CB1F2C9D2B28002E4E81 /* PBXTargetDependency */ = {
			isa = PBXTargetDependency;
			target = 3FC5CB022C9D2B20002E4E81 /* Weather */;
			targetProxy = 3FC5CB1E2C9D2B28002E4E81 /* PBXContainerItemProxy */;
		};
/* End PBXTargetDependency section */

/* Begin PBXVariantGroup section */
		3FC5CB3C2C9D7475002E4E81 /* Localizable.strings */ = {
			isa = PBXVariantGroup;
			children = (
				3FC5CB3D2C9D7476002E4E81 /* en */,
			);
			name = Localizable.strings;
			sourceTree = "<group>";
		};
/* End PBXVariantGroup section */

/* Begin XCBuildConfiguration section */
		3FC5CB252C9D2B28002E4E81 /* Debug */ = {
			isa = XCBuildConfiguration;
			buildSettings = {
				ALWAYS_SEARCH_USER_PATHS = NO;
				ASSETCATALOG_COMPILER_GENERATE_SWIFT_ASSET_SYMBOL_EXTENSIONS = YES;
				CLANG_ANALYZER_NONNULL = YES;
				CLANG_ANALYZER_NUMBER_OBJECT_CONVERSION = YES_AGGRESSIVE;
				CLANG_CXX_LANGUAGE_STANDARD = "gnu++20";
				CLANG_ENABLE_MODULES = YES;
				CLANG_ENABLE_OBJC_ARC = YES;
				CLANG_ENABLE_OBJC_WEAK = YES;
				CLANG_WARN_BLOCK_CAPTURE_AUTORELEASING = YES;
				CLANG_WARN_BOOL_CONVERSION = YES;
				CLANG_WARN_COMMA = YES;
				CLANG_WARN_CONSTANT_CONVERSION = YES;
				CLANG_WARN_DEPRECATED_OBJC_IMPLEMENTATIONS = YES;
				CLANG_WARN_DIRECT_OBJC_ISA_USAGE = YES_ERROR;
				CLANG_WARN_DOCUMENTATION_COMMENTS = YES;
				CLANG_WARN_EMPTY_BODY = YES;
				CLANG_WARN_ENUM_CONVERSION = YES;
				CLANG_WARN_INFINITE_RECURSION = YES;
				CLANG_WARN_INT_CONVERSION = YES;
				CLANG_WARN_NON_LITERAL_NULL_CONVERSION = YES;
				CLANG_WARN_OBJC_IMPLICIT_RETAIN_SELF = YES;
				CLANG_WARN_OBJC_LITERAL_CONVERSION = YES;
				CLANG_WARN_OBJC_ROOT_CLASS = YES_ERROR;
				CLANG_WARN_QUOTED_INCLUDE_IN_FRAMEWORK_HEADER = YES;
				CLANG_WARN_RANGE_LOOP_ANALYSIS = YES;
				CLANG_WARN_STRICT_PROTOTYPES = YES;
				CLANG_WARN_SUSPICIOUS_MOVE = YES;
				CLANG_WARN_UNGUARDED_AVAILABILITY = YES_AGGRESSIVE;
				CLANG_WARN_UNREACHABLE_CODE = YES;
				CLANG_WARN__DUPLICATE_METHOD_MATCH = YES;
				COPY_PHASE_STRIP = NO;
				DEBUG_INFORMATION_FORMAT = dwarf;
				ENABLE_STRICT_OBJC_MSGSEND = YES;
				ENABLE_TESTABILITY = YES;
				ENABLE_USER_SCRIPT_SANDBOXING = YES;
				GCC_C_LANGUAGE_STANDARD = gnu17;
				GCC_DYNAMIC_NO_PIC = NO;
				GCC_NO_COMMON_BLOCKS = YES;
				GCC_OPTIMIZATION_LEVEL = 0;
				GCC_PREPROCESSOR_DEFINITIONS = (
					"DEBUG=1",
					"$(inherited)",
				);
				GCC_WARN_64_TO_32_BIT_CONVERSION = YES;
				GCC_WARN_ABOUT_RETURN_TYPE = YES_ERROR;
				GCC_WARN_UNDECLARED_SELECTOR = YES;
				GCC_WARN_UNINITIALIZED_AUTOS = YES_AGGRESSIVE;
				GCC_WARN_UNUSED_FUNCTION = YES;
				GCC_WARN_UNUSED_VARIABLE = YES;
				IPHONEOS_DEPLOYMENT_TARGET = 15.0;
				LOCALIZATION_PREFERS_STRING_CATALOGS = YES;
				MTL_ENABLE_DEBUG_INFO = INCLUDE_SOURCE;
				MTL_FAST_MATH = YES;
				ONLY_ACTIVE_ARCH = YES;
				SDKROOT = iphoneos;
				SWIFT_ACTIVE_COMPILATION_CONDITIONS = "DEBUG $(inherited)";
				SWIFT_OPTIMIZATION_LEVEL = "-Onone";
			};
			name = Debug;
		};
		3FC5CB262C9D2B28002E4E81 /* Release */ = {
			isa = XCBuildConfiguration;
			buildSettings = {
				ALWAYS_SEARCH_USER_PATHS = NO;
				ASSETCATALOG_COMPILER_GENERATE_SWIFT_ASSET_SYMBOL_EXTENSIONS = YES;
				CLANG_ANALYZER_NONNULL = YES;
				CLANG_ANALYZER_NUMBER_OBJECT_CONVERSION = YES_AGGRESSIVE;
				CLANG_CXX_LANGUAGE_STANDARD = "gnu++20";
				CLANG_ENABLE_MODULES = YES;
				CLANG_ENABLE_OBJC_ARC = YES;
				CLANG_ENABLE_OBJC_WEAK = YES;
				CLANG_WARN_BLOCK_CAPTURE_AUTORELEASING = YES;
				CLANG_WARN_BOOL_CONVERSION = YES;
				CLANG_WARN_COMMA = YES;
				CLANG_WARN_CONSTANT_CONVERSION = YES;
				CLANG_WARN_DEPRECATED_OBJC_IMPLEMENTATIONS = YES;
				CLANG_WARN_DIRECT_OBJC_ISA_USAGE = YES_ERROR;
				CLANG_WARN_DOCUMENTATION_COMMENTS = YES;
				CLANG_WARN_EMPTY_BODY = YES;
				CLANG_WARN_ENUM_CONVERSION = YES;
				CLANG_WARN_INFINITE_RECURSION = YES;
				CLANG_WARN_INT_CONVERSION = YES;
				CLANG_WARN_NON_LITERAL_NULL_CONVERSION = YES;
				CLANG_WARN_OBJC_IMPLICIT_RETAIN_SELF = YES;
				CLANG_WARN_OBJC_LITERAL_CONVERSION = YES;
				CLANG_WARN_OBJC_ROOT_CLASS = YES_ERROR;
				CLANG_WARN_QUOTED_INCLUDE_IN_FRAMEWORK_HEADER = YES;
				CLANG_WARN_RANGE_LOOP_ANALYSIS = YES;
				CLANG_WARN_STRICT_PROTOTYPES = YES;
				CLANG_WARN_SUSPICIOUS_MOVE = YES;
				CLANG_WARN_UNGUARDED_AVAILABILITY = YES_AGGRESSIVE;
				CLANG_WARN_UNREACHABLE_CODE = YES;
				CLANG_WARN__DUPLICATE_METHOD_MATCH = YES;
				COPY_PHASE_STRIP = NO;
				DEBUG_INFORMATION_FORMAT = "dwarf-with-dsym";
				ENABLE_NS_ASSERTIONS = NO;
				ENABLE_STRICT_OBJC_MSGSEND = YES;
				ENABLE_USER_SCRIPT_SANDBOXING = YES;
				GCC_C_LANGUAGE_STANDARD = gnu17;
				GCC_NO_COMMON_BLOCKS = YES;
				GCC_WARN_64_TO_32_BIT_CONVERSION = YES;
				GCC_WARN_ABOUT_RETURN_TYPE = YES_ERROR;
				GCC_WARN_UNDECLARED_SELECTOR = YES;
				GCC_WARN_UNINITIALIZED_AUTOS = YES_AGGRESSIVE;
				GCC_WARN_UNUSED_FUNCTION = YES;
				GCC_WARN_UNUSED_VARIABLE = YES;
				IPHONEOS_DEPLOYMENT_TARGET = 15.0;
				LOCALIZATION_PREFERS_STRING_CATALOGS = YES;
				MTL_ENABLE_DEBUG_INFO = NO;
				MTL_FAST_MATH = YES;
				SDKROOT = iphoneos;
				SWIFT_COMPILATION_MODE = wholemodule;
				VALIDATE_PRODUCT = YES;
			};
			name = Release;
		};
		3FC5CB282C9D2B28002E4E81 /* Debug */ = {
			isa = XCBuildConfiguration;
			buildSettings = {
				ASSETCATALOG_COMPILER_APPICON_NAME = AppIcon;
				ASSETCATALOG_COMPILER_GLOBAL_ACCENT_COLOR_NAME = AccentColor;
				CODE_SIGN_STYLE = Automatic;
				CURRENT_PROJECT_VERSION = 1;
				DEVELOPMENT_ASSET_PATHS = "\"Weather/Preview Content\"";
				ENABLE_PREVIEWS = YES;
				GENERATE_INFOPLIST_FILE = YES;
				INFOPLIST_KEY_LSApplicationCategoryType = "public.app-category.weather";
				INFOPLIST_KEY_NSLocationWhenInUseUsageDescription = "We need your location to provide weather updates.";
				INFOPLIST_KEY_UIApplicationSceneManifest_Generation = YES;
				INFOPLIST_KEY_UIApplicationSupportsIndirectInputEvents = YES;
				INFOPLIST_KEY_UILaunchScreen_Generation = YES;
				INFOPLIST_KEY_UISupportedInterfaceOrientations_iPad = "UIInterfaceOrientationPortrait UIInterfaceOrientationPortraitUpsideDown UIInterfaceOrientationLandscapeLeft UIInterfaceOrientationLandscapeRight";
				INFOPLIST_KEY_UISupportedInterfaceOrientations_iPhone = "UIInterfaceOrientationPortrait UIInterfaceOrientationLandscapeLeft UIInterfaceOrientationLandscapeRight";
				LD_RUNPATH_SEARCH_PATHS = (
					"$(inherited)",
					"@executable_path/Frameworks",
				);
				MARKETING_VERSION = 1.0;
				PRODUCT_BUNDLE_IDENTIFIER = com.nraju.Weather;
				PRODUCT_NAME = "$(TARGET_NAME)";
				SWIFT_EMIT_LOC_STRINGS = YES;
				SWIFT_VERSION = 5.0;
				TARGETED_DEVICE_FAMILY = "1,2";
			};
			name = Debug;
		};
		3FC5CB292C9D2B28002E4E81 /* Release */ = {
			isa = XCBuildConfiguration;
			buildSettings = {
				ASSETCATALOG_COMPILER_APPICON_NAME = AppIcon;
				ASSETCATALOG_COMPILER_GLOBAL_ACCENT_COLOR_NAME = AccentColor;
				CODE_SIGN_STYLE = Automatic;
				CURRENT_PROJECT_VERSION = 1;
				DEVELOPMENT_ASSET_PATHS = "\"Weather/Preview Content\"";
				ENABLE_PREVIEWS = YES;
				GENERATE_INFOPLIST_FILE = YES;
				INFOPLIST_KEY_LSApplicationCategoryType = "public.app-category.weather";
				INFOPLIST_KEY_NSLocationWhenInUseUsageDescription = "We need your location to provide weather updates.";
				INFOPLIST_KEY_UIApplicationSceneManifest_Generation = YES;
				INFOPLIST_KEY_UIApplicationSupportsIndirectInputEvents = YES;
				INFOPLIST_KEY_UILaunchScreen_Generation = YES;
				INFOPLIST_KEY_UISupportedInterfaceOrientations_iPad = "UIInterfaceOrientationPortrait UIInterfaceOrientationPortraitUpsideDown UIInterfaceOrientationLandscapeLeft UIInterfaceOrientationLandscapeRight";
				INFOPLIST_KEY_UISupportedInterfaceOrientations_iPhone = "UIInterfaceOrientationPortrait UIInterfaceOrientationLandscapeLeft UIInterfaceOrientationLandscapeRight";
				LD_RUNPATH_SEARCH_PATHS = (
					"$(inherited)",
					"@executable_path/Frameworks",
				);
				MARKETING_VERSION = 1.0;
				PRODUCT_BUNDLE_IDENTIFIER = com.nraju.Weather;
				PRODUCT_NAME = "$(TARGET_NAME)";
				SWIFT_EMIT_LOC_STRINGS = YES;
				SWIFT_VERSION = 5.0;
				TARGETED_DEVICE_FAMILY = "1,2";
			};
			name = Release;
		};
		3FC5CB2B2C9D2B28002E4E81 /* Debug */ = {
			isa = XCBuildConfiguration;
			buildSettings = {
				ALWAYS_EMBED_SWIFT_STANDARD_LIBRARIES = YES;
				BUNDLE_LOADER = "$(TEST_HOST)";
				CODE_SIGN_STYLE = Automatic;
				CURRENT_PROJECT_VERSION = 1;
				GENERATE_INFOPLIST_FILE = YES;
				IPHONEOS_DEPLOYMENT_TARGET = 17.5;
				MARKETING_VERSION = 1.0;
				PRODUCT_BUNDLE_IDENTIFIER = com.nraju.WeatherTests;
				PRODUCT_NAME = "$(TARGET_NAME)";
				SWIFT_EMIT_LOC_STRINGS = NO;
				SWIFT_VERSION = 5.0;
				TARGETED_DEVICE_FAMILY = "1,2";
				TEST_HOST = "$(BUILT_PRODUCTS_DIR)/Weather.app/$(BUNDLE_EXECUTABLE_FOLDER_PATH)/Weather";
			};
			name = Debug;
		};
		3FC5CB2C2C9D2B28002E4E81 /* Release */ = {
			isa = XCBuildConfiguration;
			buildSettings = {
				ALWAYS_EMBED_SWIFT_STANDARD_LIBRARIES = YES;
				BUNDLE_LOADER = "$(TEST_HOST)";
				CODE_SIGN_STYLE = Automatic;
				CURRENT_PROJECT_VERSION = 1;
				GENERATE_INFOPLIST_FILE = YES;
				IPHONEOS_DEPLOYMENT_TARGET = 17.5;
				MARKETING_VERSION = 1.0;
				PRODUCT_BUNDLE_IDENTIFIER = com.nraju.WeatherTests;
				PRODUCT_NAME = "$(TARGET_NAME)";
				SWIFT_EMIT_LOC_STRINGS = NO;
				SWIFT_VERSION = 5.0;
				TARGETED_DEVICE_FAMILY = "1,2";
				TEST_HOST = "$(BUILT_PRODUCTS_DIR)/Weather.app/$(BUNDLE_EXECUTABLE_FOLDER_PATH)/Weather";
			};
			name = Release;
		};
		3FC5CB2E2C9D2B28002E4E81 /* Debug */ = {
			isa = XCBuildConfiguration;
			buildSettings = {
				ALWAYS_EMBED_SWIFT_STANDARD_LIBRARIES = YES;
				CODE_SIGN_STYLE = Automatic;
				CURRENT_PROJECT_VERSION = 1;
				GENERATE_INFOPLIST_FILE = YES;
				MARKETING_VERSION = 1.0;
				PRODUCT_BUNDLE_IDENTIFIER = com.nraju.WeatherUITests;
				PRODUCT_NAME = "$(TARGET_NAME)";
				SWIFT_EMIT_LOC_STRINGS = NO;
				SWIFT_VERSION = 5.0;
				TARGETED_DEVICE_FAMILY = "1,2";
				TEST_TARGET_NAME = Weather;
			};
			name = Debug;
		};
		3FC5CB2F2C9D2B28002E4E81 /* Release */ = {
			isa = XCBuildConfiguration;
			buildSettings = {
				ALWAYS_EMBED_SWIFT_STANDARD_LIBRARIES = YES;
				CODE_SIGN_STYLE = Automatic;
				CURRENT_PROJECT_VERSION = 1;
				GENERATE_INFOPLIST_FILE = YES;
				MARKETING_VERSION = 1.0;
				PRODUCT_BUNDLE_IDENTIFIER = com.nraju.WeatherUITests;
				PRODUCT_NAME = "$(TARGET_NAME)";
				SWIFT_EMIT_LOC_STRINGS = NO;
				SWIFT_VERSION = 5.0;
				TARGETED_DEVICE_FAMILY = "1,2";
				TEST_TARGET_NAME = Weather;
			};
			name = Release;
		};
/* End XCBuildConfiguration section */

/* Begin XCConfigurationList section */
		3FC5CAFE2C9D2B20002E4E81 /* Build configuration list for PBXProject "Weather" */ = {
			isa = XCConfigurationList;
			buildConfigurations = (
				3FC5CB252C9D2B28002E4E81 /* Debug */,
				3FC5CB262C9D2B28002E4E81 /* Release */,
			);
			defaultConfigurationIsVisible = 0;
			defaultConfigurationName = Release;
		};
		3FC5CB272C9D2B28002E4E81 /* Build configuration list for PBXNativeTarget "Weather" */ = {
			isa = XCConfigurationList;
			buildConfigurations = (
				3FC5CB282C9D2B28002E4E81 /* Debug */,
				3FC5CB292C9D2B28002E4E81 /* Release */,
			);
			defaultConfigurationIsVisible = 0;
			defaultConfigurationName = Release;
		};
		3FC5CB2A2C9D2B28002E4E81 /* Build configuration list for PBXNativeTarget "WeatherTests" */ = {
			isa = XCConfigurationList;
			buildConfigurations = (
				3FC5CB2B2C9D2B28002E4E81 /* Debug */,
				3FC5CB2C2C9D2B28002E4E81 /* Release */,
			);
			defaultConfigurationIsVisible = 0;
			defaultConfigurationName = Release;
		};
		3FC5CB2D2C9D2B28002E4E81 /* Build configuration list for PBXNativeTarget "WeatherUITests" */ = {
			isa = XCConfigurationList;
			buildConfigurations = (
				3FC5CB2E2C9D2B28002E4E81 /* Debug */,
				3FC5CB2F2C9D2B28002E4E81 /* Release */,
			);
			defaultConfigurationIsVisible = 0;
			defaultConfigurationName = Release;
		};
/* End XCConfigurationList section */
	};
	rootObject = 3FC5CAFB2C9D2B20002E4E81 /* Project object */;
}
